
Microsoft Visual Studio Solution File, Format Version 12.00
# Visual Studio 15
VisualStudioVersion = 15.0.27130.2026
MinimumVisualStudioVersion = 10.0.40219.1
Project("{FAE04EC0-301F-11D3-BF4B-00C04F79EFBC}") = "Strategy", "Strategy\Strategy.csproj", "{21FC4E97-44AC-4C29-BB94-6F162AA8BF1C}"
EndProject
Global
	GlobalSection(SolutionConfigurationPlatforms) = preSolution
		Debug|Any CPU = Debug|Any CPU
		Release|Any CPU = Release|Any CPU
	EndGlobalSection
	GlobalSection(ProjectConfigurationPlatforms) = postSolution
		{21FC4E97-44AC-4C29-BB94-6F162AA8BF1C}.Debug|Any CPU.ActiveCfg = Debug|Any CPU
		{21FC4E97-44AC-4C29-BB94-6F162AA8BF1C}.Debug|Any CPU.Build.0 = Debug|Any CPU
		{21FC4E97-44AC-4C29-BB94-6F162AA8BF1C}.Release|Any CPU.ActiveCfg = Release|Any CPU
		{21FC4E97-44AC-4C29-BB94-6F162AA8BF1C}.Release|Any CPU.Build.0 = Release|Any CPU
	EndGlobalSection
	GlobalSection(SolutionProperties) = preSolution
		HideSolutionNode = FALSE
	EndGlobalSection
	GlobalSection(ExtensibilityGlobals) = postSolution
		SolutionGuid = {05AE8AB9-B5D5-4F80-9474-E6D1269F4AC0}
	EndGlobalSection
EndGlobal
