
Microsoft Visual Studio Solution File, Format Version 12.00
# Visual Studio 15
VisualStudioVersion = 15.0.27130.2026
MinimumVisualStudioVersion = 10.0.40219.1
Project("{FAE04EC0-301F-11D3-BF4B-00C04F79EFBC}") = "Factory Method", "Factory Method\Factory Method.csproj", "{7734A876-A256-4CEA-B403-C3142E180AD4}"
EndProject
Global
	GlobalSection(SolutionConfigurationPlatforms) = preSolution
		Debug|Any CPU = Debug|Any CPU
		Release|Any CPU = Release|Any CPU
	EndGlobalSection
	GlobalSection(ProjectConfigurationPlatforms) = postSolution
		{7734A876-A256-4CEA-B403-C3142E180AD4}.Debug|Any CPU.ActiveCfg = Debug|Any CPU
		{7734A876-A256-4CEA-B403-C3142E180AD4}.Debug|Any CPU.Build.0 = Debug|Any CPU
		{7734A876-A256-4CEA-B403-C3142E180AD4}.Release|Any CPU.ActiveCfg = Release|Any CPU
		{7734A876-A256-4CEA-B403-C3142E180AD4}.Release|Any CPU.Build.0 = Release|Any CPU
	EndGlobalSection
	GlobalSection(SolutionProperties) = preSolution
		HideSolutionNode = FALSE
	EndGlobalSection
	GlobalSection(ExtensibilityGlobals) = postSolution
		SolutionGuid = {4D4C9AF8-3A64-4C31-B4C8-C30140240EC8}
	EndGlobalSection
EndGlobal
