
Microsoft Visual Studio Solution File, Format Version 12.00
# Visual Studio 15
VisualStudioVersion = 15.0.27130.2026
MinimumVisualStudioVersion = 10.0.40219.1
Project("{FAE04EC0-301F-11D3-BF4B-00C04F79EFBC}") = "Decorator", "Decorator\Decorator.csproj", "{12424D1B-5A55-4865-B242-9015EC5C67D6}"
EndProject
Global
	GlobalSection(SolutionConfigurationPlatforms) = preSolution
		Debug|Any CPU = Debug|Any CPU
		Release|Any CPU = Release|Any CPU
	EndGlobalSection
	GlobalSection(ProjectConfigurationPlatforms) = postSolution
		{12424D1B-5A55-4865-B242-9015EC5C67D6}.Debug|Any CPU.ActiveCfg = Debug|Any CPU
		{12424D1B-5A55-4865-B242-9015EC5C67D6}.Debug|Any CPU.Build.0 = Debug|Any CPU
		{12424D1B-5A55-4865-B242-9015EC5C67D6}.Release|Any CPU.ActiveCfg = Release|Any CPU
		{12424D1B-5A55-4865-B242-9015EC5C67D6}.Release|Any CPU.Build.0 = Release|Any CPU
	EndGlobalSection
	GlobalSection(SolutionProperties) = preSolution
		HideSolutionNode = FALSE
	EndGlobalSection
	GlobalSection(ExtensibilityGlobals) = postSolution
		SolutionGuid = {A0A98F99-BAF2-45A6-911B-5C0BBCB83C67}
	EndGlobalSection
EndGlobal
