
Microsoft Visual Studio Solution File, Format Version 12.00
# Visual Studio 15
VisualStudioVersion = 15.0.27130.2026
MinimumVisualStudioVersion = 10.0.40219.1
Project("{FAE04EC0-301F-11D3-BF4B-00C04F79EFBC}") = "Builder", "Builder\Builder.csproj", "{4F52E2F0-C22C-475F-BDB4-BFF0109B52BF}"
EndProject
Global
	GlobalSection(SolutionConfigurationPlatforms) = preSolution
		Debug|Any CPU = Debug|Any CPU
		Release|Any CPU = Release|Any CPU
	EndGlobalSection
	GlobalSection(ProjectConfigurationPlatforms) = postSolution
		{4F52E2F0-C22C-475F-BDB4-BFF0109B52BF}.Debug|Any CPU.ActiveCfg = Debug|Any CPU
		{4F52E2F0-C22C-475F-BDB4-BFF0109B52BF}.Debug|Any CPU.Build.0 = Debug|Any CPU
		{4F52E2F0-C22C-475F-BDB4-BFF0109B52BF}.Release|Any CPU.ActiveCfg = Release|Any CPU
		{4F52E2F0-C22C-475F-BDB4-BFF0109B52BF}.Release|Any CPU.Build.0 = Release|Any CPU
	EndGlobalSection
	GlobalSection(SolutionProperties) = preSolution
		HideSolutionNode = FALSE
	EndGlobalSection
	GlobalSection(ExtensibilityGlobals) = postSolution
		SolutionGuid = {EE12CD8D-044D-49AF-8C7C-A6646CF43905}
	EndGlobalSection
EndGlobal
